Microsoft Visual Studio Solution File, Format Version 8.00
Project("{20D4826A-C6FA-45DB-90F4-C717570B9F32}") = "PizzaShack", "PizzaShack.csdproj", "{8E0DF229-5BB9-4A35-AA89-820E3843243A}"
	ProjectSection(ProjectDependencies) = postProject
	EndProjectSection
EndProject
Global
	GlobalSection(SolutionConfiguration) = preSolution
		Debug = Debug
		Release = Release
	EndGlobalSection
	GlobalSection(ProjectConfiguration) = postSolution
		{8E0DF229-5BB9-4A35-AA89-820E3843243A}.Debug.ActiveCfg = Debug|Pocket PC
		{8E0DF229-5BB9-4A35-AA89-820E3843243A}.Debug.Build.0 = Debug|Pocket PC
		{8E0DF229-5BB9-4A35-AA89-820E3843243A}.Debug.Deploy.0 = Debug|Pocket PC
		{8E0DF229-5BB9-4A35-AA89-820E3843243A}.Release.ActiveCfg = Release|Pocket PC
		{8E0DF229-5BB9-4A35-AA89-820E3843243A}.Release.Build.0 = Release|Pocket PC
		{8E0DF229-5BB9-4A35-AA89-820E3843243A}.Release.Deploy.0 = Release|Pocket PC
	EndGlobalSection
	GlobalSection(ExtensibilityGlobals) = postSolution
	EndGlobalSection
	GlobalSection(ExtensibilityAddIns) = postSolution
	EndGlobalSection
EndGlobal
