Microsoft Visual Studio Solution File, Format Version 8.00
Project("{20D4826A-C6FA-45DB-90F4-C717570B9F32}") = "TipCalculator", "TipCalculator.csdproj", "{4820B5F0-FDBD-425F-90CC-F3F3DCA99793}"
	ProjectSection(ProjectDependencies) = postProject
	EndProjectSection
EndProject
Global
	GlobalSection(SolutionConfiguration) = preSolution
		Debug = Debug
		Release = Release
	EndGlobalSection
	GlobalSection(ProjectConfiguration) = postSolution
		{4820B5F0-FDBD-425F-90CC-F3F3DCA99793}.Debug.ActiveCfg = Debug|Pocket PC
		{4820B5F0-FDBD-425F-90CC-F3F3DCA99793}.Debug.Build.0 = Debug|Pocket PC
		{4820B5F0-FDBD-425F-90CC-F3F3DCA99793}.Debug.Deploy.0 = Debug|Pocket PC
		{4820B5F0-FDBD-425F-90CC-F3F3DCA99793}.Release.ActiveCfg = Release|Pocket PC
		{4820B5F0-FDBD-425F-90CC-F3F3DCA99793}.Release.Build.0 = Release|Pocket PC
		{4820B5F0-FDBD-425F-90CC-F3F3DCA99793}.Release.Deploy.0 = Release|Pocket PC
	EndGlobalSection
	GlobalSection(ExtensibilityGlobals) = postSolution
	EndGlobalSection
	GlobalSection(ExtensibilityAddIns) = postSolution
	EndGlobalSection
EndGlobal
